// !$*UTF8*$!
{
	archiveVersion = 1;
	classes = {
	};
	objectVersion = 55;
	objects = {

/* Begin PBXBuildFile section */
		2445B021438191D11122CF48 /* Pods_ICareOnline_ICareOnlineUITests.framework in Frameworks */ = {isa = PBXBuildFile; fileRef = 5B0A0221983FD35CBC939DB9 /* Pods_ICareOnline_ICareOnlineUITests.framework */; };
		430832872887C46C00815BF3 /* Medicine.storyboard in Resources */ = {isa = PBXBuildFile; fileRef = 430832862887C46C00815BF3 /* Medicine.storyboard */; };
		438222FB288A734C009B7523 /* ICOLabReportViewController.swift in Sources */ = {isa = PBXBuildFile; fileRef = 438222FA288A734C009B7523 /* ICOLabReportViewController.swift */; };
		43CA04DF28899FAD000EE605 /* ICOMedicineViewController.swift in Sources */ = {isa = PBXBuildFile; fileRef = 43CA04DE28899FAD000EE605 /* ICOMedicineViewController.swift */; };
		43DA277228887BC400CA8BB9 /* ICOPrescriptionViewController.swift in Sources */ = {isa = PBXBuildFile; fileRef = 43DA277128887BC400CA8BB9 /* ICOPrescriptionViewController.swift */; };
		460AAA26288880D900C8B562 /* Extension+UIViewController.swift in Sources */ = {isa = PBXBuildFile; fileRef = 460AAA25288880D900C8B562 /* Extension+UIViewController.swift */; };
		467A00D6288ADC56007FA4AD /* Extension+UIImage.swift in Sources */ = {isa = PBXBuildFile; fileRef = 467A00D5288ADC56007FA4AD /* Extension+UIImage.swift */; };
		467A00D8288ADF85007FA4AD /* ICOOfferCell.swift in Sources */ = {isa = PBXBuildFile; fileRef = 467A00D7288ADF85007FA4AD /* ICOOfferCell.swift */; };
		467A00DA288AFA21007FA4AD /* ICODoctorsListCell.swift in Sources */ = {isa = PBXBuildFile; fileRef = 467A00D9288AFA21007FA4AD /* ICODoctorsListCell.swift */; };
		468E2F97286F4F7B00AF6F02 /* AppDelegate.swift in Sources */ = {isa = PBXBuildFile; fileRef = 468E2F96286F4F7B00AF6F02 /* AppDelegate.swift */; };
		468E2F99286F4F7B00AF6F02 /* SceneDelegate.swift in Sources */ = {isa = PBXBuildFile; fileRef = 468E2F98286F4F7B00AF6F02 /* SceneDelegate.swift */; };
		468E2F9E286F4F7B00AF6F02 /* Main.storyboard in Resources */ = {isa = PBXBuildFile; fileRef = 468E2F9C286F4F7B00AF6F02 /* Main.storyboard */; };
		468E2FA0286F4F7C00AF6F02 /* Assets.xcassets in Resources */ = {isa = PBXBuildFile; fileRef = 468E2F9F286F4F7C00AF6F02 /* Assets.xcassets */; };
		468E2FA3286F4F7C00AF6F02 /* LaunchScreen.storyboard in Resources */ = {isa = PBXBuildFile; fileRef = 468E2FA1286F4F7C00AF6F02 /* LaunchScreen.storyboard */; };
		468E2FAE286F4F7C00AF6F02 /* ICareOnlineTests.swift in Sources */ = {isa = PBXBuildFile; fileRef = 468E2FAD286F4F7C00AF6F02 /* ICareOnlineTests.swift */; };
		468E2FB8286F4F7C00AF6F02 /* ICareOnlineUITests.swift in Sources */ = {isa = PBXBuildFile; fileRef = 468E2FB7286F4F7C00AF6F02 /* ICareOnlineUITests.swift */; };
		468E2FBA286F4F7C00AF6F02 /* ICareOnlineUITestsLaunchTests.swift in Sources */ = {isa = PBXBuildFile; fileRef = 468E2FB9286F4F7C00AF6F02 /* ICareOnlineUITestsLaunchTests.swift */; };
		46921CDA2877B251003FF63B /* ICOLoginViewController.swift in Sources */ = {isa = PBXBuildFile; fileRef = 46921CD92877B251003FF63B /* ICOLoginViewController.swift */; };
		46921CDC2877B288003FF63B /* ICOLaunchViewController.swift in Sources */ = {isa = PBXBuildFile; fileRef = 46921CDB2877B288003FF63B /* ICOLaunchViewController.swift */; };
		46921CDF2877B46A003FF63B /* Constants.swift in Sources */ = {isa = PBXBuildFile; fileRef = 46921CDE2877B46A003FF63B /* Constants.swift */; };
		4697403028859BA300D29E62 /* ICOHomeViewController.swift in Sources */ = {isa = PBXBuildFile; fileRef = 4697402F28859BA300D29E62 /* ICOHomeViewController.swift */; };
		469740332885A86E00D29E62 /* ICOTabController.swift in Sources */ = {isa = PBXBuildFile; fileRef = 469740322885A86E00D29E62 /* ICOTabController.swift */; };
		469740382885A97700D29E62 /* BubbleTabBar.swift in Sources */ = {isa = PBXBuildFile; fileRef = 469740352885A97700D29E62 /* BubbleTabBar.swift */; };
		469740392885A97700D29E62 /* BubbleTabBarController.swift in Sources */ = {isa = PBXBuildFile; fileRef = 469740362885A97700D29E62 /* BubbleTabBarController.swift */; };
		4697403A2885A97700D29E62 /* CBTabBarButton.swift in Sources */ = {isa = PBXBuildFile; fileRef = 469740372885A97700D29E62 /* CBTabBarButton.swift */; };
		4697403C2885E91600D29E62 /* TabScreens.storyboard in Resources */ = {isa = PBXBuildFile; fileRef = 4697403B2885E91600D29E62 /* TabScreens.storyboard */; };
		4697403E2885EAB900D29E62 /* ICOAppStoryboards.swift in Sources */ = {isa = PBXBuildFile; fileRef = 4697403D2885EAB900D29E62 /* ICOAppStoryboards.swift */; };
		4697404C28860C5400D29E62 /* ICOProfileViewController.swift in Sources */ = {isa = PBXBuildFile; fileRef = 4697404B28860C5400D29E62 /* ICOProfileViewController.swift */; };
		4697404F28860C7100D29E62 /* ICONotificationViewController.swift in Sources */ = {isa = PBXBuildFile; fileRef = 4697404E28860C7100D29E62 /* ICONotificationViewController.swift */; };
		4697405228860C8F00D29E62 /* ICOMenuViewController.swift in Sources */ = {isa = PBXBuildFile; fileRef = 4697405128860C8F00D29E62 /* ICOMenuViewController.swift */; };
		76BFE327288BDF47000100D8 /* HospitalRegistration.storyboard in Resources */ = {isa = PBXBuildFile; fileRef = 76BFE326288BDF47000100D8 /* HospitalRegistration.storyboard */; };
		76BFE333288BE11B000100D8 /* HospitalRegistrationTableViewController.swift in Sources */ = {isa = PBXBuildFile; fileRef = 76BFE32C288BE11B000100D8 /* HospitalRegistrationTableViewController.swift */; };
		76BFE334288BE11B000100D8 /* HRCustomeCellTableViewCell.swift in Sources */ = {isa = PBXBuildFile; fileRef = 76BFE32D288BE11B000100D8 /* HRCustomeCellTableViewCell.swift */; };
		76BFE335288BE11B000100D8 /* CheckBoxtableViewCellTableViewCell.xib in Resources */ = {isa = PBXBuildFile; fileRef = 76BFE32E288BE11B000100D8 /* CheckBoxtableViewCellTableViewCell.xib */; };
		76BFE336288BE11B000100D8 /* PickerPresentator.swift in Sources */ = {isa = PBXBuildFile; fileRef = 76BFE32F288BE11B000100D8 /* PickerPresentator.swift */; };
		76BFE337288BE11B000100D8 /* CheckBoxtableViewCellTableViewCell.swift in Sources */ = {isa = PBXBuildFile; fileRef = 76BFE330288BE11B000100D8 /* CheckBoxtableViewCellTableViewCell.swift */; };
		76BFE338288BE11B000100D8 /* HRCustomeCellTableViewCell.xib in Resources */ = {isa = PBXBuildFile; fileRef = 76BFE331288BE11B000100D8 /* HRCustomeCellTableViewCell.xib */; };
		76BFE339288BE11B000100D8 /* MandatoryFormViewController.swift in Sources */ = {isa = PBXBuildFile; fileRef = 76BFE332288BE11B000100D8 /* MandatoryFormViewController.swift */; };
		46B12790288C56C70041D278 /* ICOHospitalsListCell.swift in Sources */ = {isa = PBXBuildFile; fileRef = 46B1278F288C56C70041D278 /* ICOHospitalsListCell.swift */; };
		46B12792288EADC30041D278 /* ICOSearchCategoryCell.swift in Sources */ = {isa = PBXBuildFile; fileRef = 46B12791288EADC30041D278 /* ICOSearchCategoryCell.swift */; };
		46B12795288F39A10041D278 /* ICODetailViewController.swift in Sources */ = {isa = PBXBuildFile; fileRef = 46B12794288F39A10041D278 /* ICODetailViewController.swift */; };
		46B12797288F39ED0041D278 /* DetailScreen.storyboard in Resources */ = {isa = PBXBuildFile; fileRef = 46B12796288F39ED0041D278 /* DetailScreen.storyboard */; };
		BA707C4792ACD7E387B0E1AD /* Pods_ICareOnlineTests.framework in Frameworks */ = {isa = PBXBuildFile; fileRef = FE1C4B4D1BAAFFA7DB6F7080 /* Pods_ICareOnlineTests.framework */; };
/* End PBXBuildFile section */

/* Begin PBXContainerItemProxy section */
		468E2FAA286F4F7C00AF6F02 /* PBXContainerItemProxy */ = {
			isa = PBXContainerItemProxy;
			containerPortal = 468E2F8B286F4F7B00AF6F02 /* Project object */;
			proxyType = 1;
			remoteGlobalIDString = 468E2F92286F4F7B00AF6F02;
			remoteInfo = ICareOnline;
		};
		468E2FB4286F4F7C00AF6F02 /* PBXContainerItemProxy */ = {
			isa = PBXContainerItemProxy;
			containerPortal = 468E2F8B286F4F7B00AF6F02 /* Project object */;
			proxyType = 1;
			remoteGlobalIDString = 468E2F92286F4F7B00AF6F02;
			remoteInfo = ICareOnline;
		};
/* End PBXContainerItemProxy section */

/* Begin PBXFileReference section */
		0445E9DB1A22B8410F4DCABD /* Pods-ICareOnlineTests.debug.xcconfig */ = {isa = PBXFileReference; includeInIndex = 1; lastKnownFileType = text.xcconfig; name = "Pods-ICareOnlineTests.debug.xcconfig"; path = "Target Support Files/Pods-ICareOnlineTests/Pods-ICareOnlineTests.debug.xcconfig"; sourceTree = "<group>"; };
		1C5B7A9825C41DF2623B390A /* Pods-ICareOnline-ICareOnlineUITests.debug.xcconfig */ = {isa = PBXFileReference; includeInIndex = 1; lastKnownFileType = text.xcconfig; name = "Pods-ICareOnline-ICareOnlineUITests.debug.xcconfig"; path = "Target Support Files/Pods-ICareOnline-ICareOnlineUITests/Pods-ICareOnline-ICareOnlineUITests.debug.xcconfig"; sourceTree = "<group>"; };
		4239FAE87A58326F5F72C604 /* Pods-ICareOnline.debug.xcconfig */ = {isa = PBXFileReference; includeInIndex = 1; lastKnownFileType = text.xcconfig; name = "Pods-ICareOnline.debug.xcconfig"; path = "Target Support Files/Pods-ICareOnline/Pods-ICareOnline.debug.xcconfig"; sourceTree = "<group>"; };
		430832862887C46C00815BF3 /* Medicine.storyboard */ = {isa = PBXFileReference; lastKnownFileType = file.storyboard; path = Medicine.storyboard; sourceTree = "<group>"; };
		438222FA288A734C009B7523 /* ICOLabReportViewController.swift */ = {isa = PBXFileReference; lastKnownFileType = sourcecode.swift; path = ICOLabReportViewController.swift; sourceTree = "<group>"; };
		43CA04DE28899FAD000EE605 /* ICOMedicineViewController.swift */ = {isa = PBXFileReference; lastKnownFileType = sourcecode.swift; path = ICOMedicineViewController.swift; sourceTree = "<group>"; };
		43DA277128887BC400CA8BB9 /* ICOPrescriptionViewController.swift */ = {isa = PBXFileReference; lastKnownFileType = sourcecode.swift; path = ICOPrescriptionViewController.swift; sourceTree = "<group>"; };
		460AAA25288880D900C8B562 /* Extension+UIViewController.swift */ = {isa = PBXFileReference; lastKnownFileType = sourcecode.swift; path = "Extension+UIViewController.swift"; sourceTree = "<group>"; };
		467A00D5288ADC56007FA4AD /* Extension+UIImage.swift */ = {isa = PBXFileReference; lastKnownFileType = sourcecode.swift; path = "Extension+UIImage.swift"; sourceTree = "<group>"; };
		467A00D7288ADF85007FA4AD /* ICOOfferCell.swift */ = {isa = PBXFileReference; lastKnownFileType = sourcecode.swift; path = ICOOfferCell.swift; sourceTree = "<group>"; };
		467A00D9288AFA21007FA4AD /* ICODoctorsListCell.swift */ = {isa = PBXFileReference; lastKnownFileType = sourcecode.swift; path = ICODoctorsListCell.swift; sourceTree = "<group>"; };
		468E2F93286F4F7B00AF6F02 /* ICareOnline.app */ = {isa = PBXFileReference; explicitFileType = wrapper.application; includeInIndex = 0; path = ICareOnline.app; sourceTree = BUILT_PRODUCTS_DIR; };
		468E2F96286F4F7B00AF6F02 /* AppDelegate.swift */ = {isa = PBXFileReference; lastKnownFileType = sourcecode.swift; path = AppDelegate.swift; sourceTree = "<group>"; };
		468E2F98286F4F7B00AF6F02 /* SceneDelegate.swift */ = {isa = PBXFileReference; lastKnownFileType = sourcecode.swift; path = SceneDelegate.swift; sourceTree = "<group>"; };
		468E2F9D286F4F7B00AF6F02 /* Base */ = {isa = PBXFileReference; lastKnownFileType = file.storyboard; name = Base; path = Base.lproj/Main.storyboard; sourceTree = "<group>"; };
		468E2F9F286F4F7C00AF6F02 /* Assets.xcassets */ = {isa = PBXFileReference; lastKnownFileType = folder.assetcatalog; path = Assets.xcassets; sourceTree = "<group>"; };
		468E2FA2286F4F7C00AF6F02 /* Base */ = {isa = PBXFileReference; lastKnownFileType = file.storyboard; name = Base; path = Base.lproj/LaunchScreen.storyboard; sourceTree = "<group>"; };
		468E2FA4286F4F7C00AF6F02 /* Info.plist */ = {isa = PBXFileReference; lastKnownFileType = text.plist.xml; path = Info.plist; sourceTree = "<group>"; };
		468E2FA9286F4F7C00AF6F02 /* ICareOnlineTests.xctest */ = {isa = PBXFileReference; explicitFileType = wrapper.cfbundle; includeInIndex = 0; path = ICareOnlineTests.xctest; sourceTree = BUILT_PRODUCTS_DIR; };
		468E2FAD286F4F7C00AF6F02 /* ICareOnlineTests.swift */ = {isa = PBXFileReference; lastKnownFileType = sourcecode.swift; path = ICareOnlineTests.swift; sourceTree = "<group>"; };
		468E2FB3286F4F7C00AF6F02 /* ICareOnlineUITests.xctest */ = {isa = PBXFileReference; explicitFileType = wrapper.cfbundle; includeInIndex = 0; path = ICareOnlineUITests.xctest; sourceTree = BUILT_PRODUCTS_DIR; };
		468E2FB7286F4F7C00AF6F02 /* ICareOnlineUITests.swift */ = {isa = PBXFileReference; lastKnownFileType = sourcecode.swift; path = ICareOnlineUITests.swift; sourceTree = "<group>"; };
		468E2FB9286F4F7C00AF6F02 /* ICareOnlineUITestsLaunchTests.swift */ = {isa = PBXFileReference; lastKnownFileType = sourcecode.swift; path = ICareOnlineUITestsLaunchTests.swift; sourceTree = "<group>"; };
		46921CD92877B251003FF63B /* ICOLoginViewController.swift */ = {isa = PBXFileReference; fileEncoding = 4; lastKnownFileType = sourcecode.swift; path = ICOLoginViewController.swift; sourceTree = "<group>"; };
		46921CDB2877B288003FF63B /* ICOLaunchViewController.swift */ = {isa = PBXFileReference; lastKnownFileType = sourcecode.swift; path = ICOLaunchViewController.swift; sourceTree = "<group>"; };
		46921CDE2877B46A003FF63B /* Constants.swift */ = {isa = PBXFileReference; lastKnownFileType = sourcecode.swift; path = Constants.swift; sourceTree = "<group>"; };
		4697402F28859BA300D29E62 /* ICOHomeViewController.swift */ = {isa = PBXFileReference; lastKnownFileType = sourcecode.swift; path = ICOHomeViewController.swift; sourceTree = "<group>"; };
		469740322885A86E00D29E62 /* ICOTabController.swift */ = {isa = PBXFileReference; lastKnownFileType = sourcecode.swift; path = ICOTabController.swift; sourceTree = "<group>"; };
		469740352885A97700D29E62 /* BubbleTabBar.swift */ = {isa = PBXFileReference; fileEncoding = 4; lastKnownFileType = sourcecode.swift; path = BubbleTabBar.swift; sourceTree = "<group>"; };
		469740362885A97700D29E62 /* BubbleTabBarController.swift */ = {isa = PBXFileReference; fileEncoding = 4; lastKnownFileType = sourcecode.swift; path = BubbleTabBarController.swift; sourceTree = "<group>"; };
		469740372885A97700D29E62 /* CBTabBarButton.swift */ = {isa = PBXFileReference; fileEncoding = 4; lastKnownFileType = sourcecode.swift; path = CBTabBarButton.swift; sourceTree = "<group>"; };
		4697403B2885E91600D29E62 /* TabScreens.storyboard */ = {isa = PBXFileReference; lastKnownFileType = file.storyboard; path = TabScreens.storyboard; sourceTree = "<group>"; };
		4697403D2885EAB900D29E62 /* ICOAppStoryboards.swift */ = {isa = PBXFileReference; lastKnownFileType = sourcecode.swift; path = ICOAppStoryboards.swift; sourceTree = "<group>"; };
		4697404B28860C5400D29E62 /* ICOProfileViewController.swift */ = {isa = PBXFileReference; lastKnownFileType = sourcecode.swift; path = ICOProfileViewController.swift; sourceTree = "<group>"; };
		4697404E28860C7100D29E62 /* ICONotificationViewController.swift */ = {isa = PBXFileReference; lastKnownFileType = sourcecode.swift; path = ICONotificationViewController.swift; sourceTree = "<group>"; };
		4697405128860C8F00D29E62 /* ICOMenuViewController.swift */ = {isa = PBXFileReference; lastKnownFileType = sourcecode.swift; path = ICOMenuViewController.swift; sourceTree = "<group>"; };
		46B1278F288C56C70041D278 /* ICOHospitalsListCell.swift */ = {isa = PBXFileReference; lastKnownFileType = sourcecode.swift; path = ICOHospitalsListCell.swift; sourceTree = "<group>"; };
		46B12791288EADC30041D278 /* ICOSearchCategoryCell.swift */ = {isa = PBXFileReference; lastKnownFileType = sourcecode.swift; path = ICOSearchCategoryCell.swift; sourceTree = "<group>"; };
		46B12794288F39A10041D278 /* ICODetailViewController.swift */ = {isa = PBXFileReference; lastKnownFileType = sourcecode.swift; path = ICODetailViewController.swift; sourceTree = "<group>"; };
		46B12796288F39ED0041D278 /* DetailScreen.storyboard */ = {isa = PBXFileReference; lastKnownFileType = file.storyboard; path = DetailScreen.storyboard; sourceTree = "<group>"; };
		5B0A0221983FD35CBC939DB9 /* Pods_ICareOnline_ICareOnlineUITests.framework */ = {isa = PBXFileReference; explicitFileType = wrapper.framework; includeInIndex = 0; path = Pods_ICareOnline_ICareOnlineUITests.framework; sourceTree = BUILT_PRODUCTS_DIR; };
		76BFE326288BDF47000100D8 /* HospitalRegistration.storyboard */ = {isa = PBXFileReference; fileEncoding = 4; lastKnownFileType = file.storyboard; path = HospitalRegistration.storyboard; sourceTree = "<group>"; };
		76BFE32C288BE11B000100D8 /* HospitalRegistrationTableViewController.swift */ = {isa = PBXFileReference; fileEncoding = 4; lastKnownFileType = sourcecode.swift; path = HospitalRegistrationTableViewController.swift; sourceTree = "<group>"; };
		76BFE32D288BE11B000100D8 /* HRCustomeCellTableViewCell.swift */ = {isa = PBXFileReference; fileEncoding = 4; lastKnownFileType = sourcecode.swift; path = HRCustomeCellTableViewCell.swift; sourceTree = "<group>"; };
		76BFE32E288BE11B000100D8 /* CheckBoxtableViewCellTableViewCell.xib */ = {isa = PBXFileReference; fileEncoding = 4; lastKnownFileType = file.xib; path = CheckBoxtableViewCellTableViewCell.xib; sourceTree = "<group>"; };
		76BFE32F288BE11B000100D8 /* PickerPresentator.swift */ = {isa = PBXFileReference; fileEncoding = 4; lastKnownFileType = sourcecode.swift; path = PickerPresentator.swift; sourceTree = "<group>"; };
		76BFE330288BE11B000100D8 /* CheckBoxtableViewCellTableViewCell.swift */ = {isa = PBXFileReference; fileEncoding = 4; lastKnownFileType = sourcecode.swift; path = CheckBoxtableViewCellTableViewCell.swift; sourceTree = "<group>"; };
		76BFE331288BE11B000100D8 /* HRCustomeCellTableViewCell.xib */ = {isa = PBXFileReference; fileEncoding = 4; lastKnownFileType = file.xib; path = HRCustomeCellTableViewCell.xib; sourceTree = "<group>"; };
		76BFE332288BE11B000100D8 /* MandatoryFormViewController.swift */ = {isa = PBXFileReference; fileEncoding = 4; lastKnownFileType = sourcecode.swift; path = MandatoryFormViewController.swift; sourceTree = "<group>"; };
		98A42A4436F5F1203044DA9B /* Pods_ICareOnline.framework */ = {isa = PBXFileReference; explicitFileType = wrapper.framework; includeInIndex = 0; path = Pods_ICareOnline.framework; sourceTree = BUILT_PRODUCTS_DIR; };
		B4D209608BDDBADAECF35DDA /* Pods-ICareOnline-ICareOnlineUITests.release.xcconfig */ = {isa = PBXFileReference; includeInIndex = 1; lastKnownFileType = text.xcconfig; name = "Pods-ICareOnline-ICareOnlineUITests.release.xcconfig"; path = "Target Support Files/Pods-ICareOnline-ICareOnlineUITests/Pods-ICareOnline-ICareOnlineUITests.release.xcconfig"; sourceTree = "<group>"; };
		B8A76B85B9E4A83D0D0AD643 /* Pods-ICareOnlineTests.release.xcconfig */ = {isa = PBXFileReference; includeInIndex = 1; lastKnownFileType = text.xcconfig; name = "Pods-ICareOnlineTests.release.xcconfig"; path = "Target Support Files/Pods-ICareOnlineTests/Pods-ICareOnlineTests.release.xcconfig"; sourceTree = "<group>"; };
		D2398A7DE7D4516C1296B7FF /* Pods-ICareOnline.release.xcconfig */ = {isa = PBXFileReference; includeInIndex = 1; lastKnownFileType = text.xcconfig; name = "Pods-ICareOnline.release.xcconfig"; path = "Target Support Files/Pods-ICareOnline/Pods-ICareOnline.release.xcconfig"; sourceTree = "<group>"; };
		FE1C4B4D1BAAFFA7DB6F7080 /* Pods_ICareOnlineTests.framework */ = {isa = PBXFileReference; explicitFileType = wrapper.framework; includeInIndex = 0; path = Pods_ICareOnlineTests.framework; sourceTree = BUILT_PRODUCTS_DIR; };
/* End PBXFileReference section */

/* Begin PBXFrameworksBuildPhase section */
		468E2F90286F4F7B00AF6F02 /* Frameworks */ = {
			isa = PBXFrameworksBuildPhase;
			buildActionMask = 2147483647;
			files = (
			);
			runOnlyForDeploymentPostprocessing = 0;
		};
		468E2FA6286F4F7C00AF6F02 /* Frameworks */ = {
			isa = PBXFrameworksBuildPhase;
			buildActionMask = 2147483647;
			files = (
				BA707C4792ACD7E387B0E1AD /* Pods_ICareOnlineTests.framework in Frameworks */,
			);
			runOnlyForDeploymentPostprocessing = 0;
		};
		468E2FB0286F4F7C00AF6F02 /* Frameworks */ = {
			isa = PBXFrameworksBuildPhase;
			buildActionMask = 2147483647;
			files = (
				2445B021438191D11122CF48 /* Pods_ICareOnline_ICareOnlineUITests.framework in Frameworks */,
			);
			runOnlyForDeploymentPostprocessing = 0;
		};
/* End PBXFrameworksBuildPhase section */

/* Begin PBXGroup section */
		438222F9288A71A3009B7523 /* Lab Report */ = {
			isa = PBXGroup;
			children = (
				438222FA288A734C009B7523 /* ICOLabReportViewController.swift */,
			);
			path = "Lab Report";
			sourceTree = "<group>";
		};
		43DA276D2887C6CB00CA8BB9 /* Prescription */ = {
			isa = PBXGroup;
			children = (
				43DA277128887BC400CA8BB9 /* ICOPrescriptionViewController.swift */,
				43CA04DE28899FAD000EE605 /* ICOMedicineViewController.swift */,
			);
			path = Prescription;
			sourceTree = "<group>";
		};
		468E2F8A286F4F7B00AF6F02 = {
			isa = PBXGroup;
			children = (
				468E2F95286F4F7B00AF6F02 /* ICareOnline */,
				468E2FAC286F4F7C00AF6F02 /* ICareOnlineTests */,
				468E2FB6286F4F7C00AF6F02 /* ICareOnlineUITests */,
				468E2F94286F4F7B00AF6F02 /* Products */,
				AED85C71607DD12C969A5897 /* Pods */,
				63C0C21212DD6C5B365A94B2 /* Frameworks */,
			);
			sourceTree = "<group>";
		};
		468E2F94286F4F7B00AF6F02 /* Products */ = {
			isa = PBXGroup;
			children = (
				468E2F93286F4F7B00AF6F02 /* ICareOnline.app */,
				468E2FA9286F4F7C00AF6F02 /* ICareOnlineTests.xctest */,
				468E2FB3286F4F7C00AF6F02 /* ICareOnlineUITests.xctest */,
			);
			name = Products;
			sourceTree = "<group>";
		};
		468E2F95286F4F7B00AF6F02 /* ICareOnline */ = {
			isa = PBXGroup;
			children = (
				468E2F96286F4F7B00AF6F02 /* AppDelegate.swift */,
				468E2F98286F4F7B00AF6F02 /* SceneDelegate.swift */,
				4697402D2885966200D29E62 /* Extension */,
				4697402C2885964F00D29E62 /* ViewModel */,
				46921CD42877B184003FF63B /* View */,
				46921CD22877B152003FF63B /* Services */,
				468E2F9F286F4F7C00AF6F02 /* Assets.xcassets */,
				468E2FA4286F4F7C00AF6F02 /* Info.plist */,
			);
			path = ICareOnline;
			sourceTree = "<group>";
		};
		468E2FAC286F4F7C00AF6F02 /* ICareOnlineTests */ = {
			isa = PBXGroup;
			children = (
				468E2FAD286F4F7C00AF6F02 /* ICareOnlineTests.swift */,
			);
			path = ICareOnlineTests;
			sourceTree = "<group>";
		};
		468E2FB6286F4F7C00AF6F02 /* ICareOnlineUITests */ = {
			isa = PBXGroup;
			children = (
				468E2FB7286F4F7C00AF6F02 /* ICareOnlineUITests.swift */,
				468E2FB9286F4F7C00AF6F02 /* ICareOnlineUITestsLaunchTests.swift */,
			);
			path = ICareOnlineUITests;
			sourceTree = "<group>";
		};
		46921CD22877B152003FF63B /* Services */ = {
			isa = PBXGroup;
			children = (
				469740342885A90800D29E62 /* TabView */,
				46921CDD2877B456003FF63B /* Common */,
			);
			path = Services;
			sourceTree = "<group>";
		};
		46921CD42877B184003FF63B /* View */ = {
			isa = PBXGroup;
			children = (
				46921CD62877B1A9003FF63B /* Controllers */,
				46921CD52877B19C003FF63B /* StoryBoards */,
			);
			path = View;
			sourceTree = "<group>";
		};
		46921CD52877B19C003FF63B /* StoryBoards */ = {
			isa = PBXGroup;
			children = (
				76BFE326288BDF47000100D8 /* HospitalRegistration.storyboard */,
				468E2F9C286F4F7B00AF6F02 /* Main.storyboard */,
				4697403B2885E91600D29E62 /* TabScreens.storyboard */,
				468E2FA1286F4F7C00AF6F02 /* LaunchScreen.storyboard */,
				430832862887C46C00815BF3 /* Medicine.storyboard */,
				46B12796288F39ED0041D278 /* DetailScreen.storyboard */,
			);
			path = StoryBoards;
			sourceTree = "<group>";
		};
		46921CD62877B1A9003FF63B /* Controllers */ = {
			isa = PBXGroup;
			children = (
				76BFE32B288BE11B000100D8 /* Hospital Registration */,
				46B12793288F396B0041D278 /* Detail Screen */,
				438222F9288A71A3009B7523 /* Lab Report */,
				43DA276D2887C6CB00CA8BB9 /* Prescription */,
				4697405028860C7600D29E62 /* Settings */,
				4697404D28860C5900D29E62 /* Notification */,
				4697404A28860C2400D29E62 /* Profile */,
				469740312885A84100D29E62 /* TabControllers */,
				46921CD72877B1CD003FF63B /* WelcomeScreens */,
				46921CD82877B1FF003FF63B /* Login */,
				4697402E28859B6D00D29E62 /* Home */,
			);
			path = Controllers;
			sourceTree = "<group>";
		};
		46921CD72877B1CD003FF63B /* WelcomeScreens */ = {
			isa = PBXGroup;
			children = (
				46921CDB2877B288003FF63B /* ICOLaunchViewController.swift */,
			);
			path = WelcomeScreens;
			sourceTree = "<group>";
		};
		46921CD82877B1FF003FF63B /* Login */ = {
			isa = PBXGroup;
			children = (
				46921CD92877B251003FF63B /* ICOLoginViewController.swift */,
			);
			path = Login;
			sourceTree = "<group>";
		};
		46921CDD2877B456003FF63B /* Common */ = {
			isa = PBXGroup;
			children = (
				46921CDE2877B46A003FF63B /* Constants.swift */,
				4697403D2885EAB900D29E62 /* ICOAppStoryboards.swift */,
			);
			path = Common;
			sourceTree = "<group>";
		};
		4697402C2885964F00D29E62 /* ViewModel */ = {
			isa = PBXGroup;
			children = (
			);
			path = ViewModel;
			sourceTree = "<group>";
		};
		4697402D2885966200D29E62 /* Extension */ = {
			isa = PBXGroup;
			children = (
				460AAA25288880D900C8B562 /* Extension+UIViewController.swift */,
				467A00D5288ADC56007FA4AD /* Extension+UIImage.swift */,
			);
			path = Extension;
			sourceTree = "<group>";
		};
		4697402E28859B6D00D29E62 /* Home */ = {
			isa = PBXGroup;
			children = (
				4697402F28859BA300D29E62 /* ICOHomeViewController.swift */,
				467A00D7288ADF85007FA4AD /* ICOOfferCell.swift */,
				467A00D9288AFA21007FA4AD /* ICODoctorsListCell.swift */,
				46B1278F288C56C70041D278 /* ICOHospitalsListCell.swift */,
				46B12791288EADC30041D278 /* ICOSearchCategoryCell.swift */,
			);
			path = Home;
			sourceTree = "<group>";
		};
		469740312885A84100D29E62 /* TabControllers */ = {
			isa = PBXGroup;
			children = (
				469740322885A86E00D29E62 /* ICOTabController.swift */,
			);
			path = TabControllers;
			sourceTree = "<group>";
		};
		469740342885A90800D29E62 /* TabView */ = {
			isa = PBXGroup;
			children = (
				469740352885A97700D29E62 /* BubbleTabBar.swift */,
				469740362885A97700D29E62 /* BubbleTabBarController.swift */,
				469740372885A97700D29E62 /* CBTabBarButton.swift */,
			);
			path = TabView;
			sourceTree = "<group>";
		};
		4697404A28860C2400D29E62 /* Profile */ = {
			isa = PBXGroup;
			children = (
				4697404B28860C5400D29E62 /* ICOProfileViewController.swift */,
			);
			path = Profile;
			sourceTree = "<group>";
		};
		4697404D28860C5900D29E62 /* Notification */ = {
			isa = PBXGroup;
			children = (
				4697404E28860C7100D29E62 /* ICONotificationViewController.swift */,
			);
			path = Notification;
			sourceTree = "<group>";
		};
		4697405028860C7600D29E62 /* Settings */ = {
			isa = PBXGroup;
			children = (
				4697405128860C8F00D29E62 /* ICOMenuViewController.swift */,
			);
			path = Settings;
			sourceTree = "<group>";
		};
		46B12793288F396B0041D278 /* Detail Screen */ = {
			isa = PBXGroup;
			children = (
				46B12794288F39A10041D278 /* ICODetailViewController.swift */,
			);
			path = "Detail Screen";
			sourceTree = "<group>";
		};
		63C0C21212DD6C5B365A94B2 /* Frameworks */ = {
			isa = PBXGroup;
			children = (
				98A42A4436F5F1203044DA9B /* Pods_ICareOnline.framework */,
				5B0A0221983FD35CBC939DB9 /* Pods_ICareOnline_ICareOnlineUITests.framework */,
				FE1C4B4D1BAAFFA7DB6F7080 /* Pods_ICareOnlineTests.framework */,
			);
			name = Frameworks;
			sourceTree = "<group>";
		};
		76BFE32B288BE11B000100D8 /* Hospital Registration */ = {
			isa = PBXGroup;
			children = (
				76BFE32C288BE11B000100D8 /* HospitalRegistrationTableViewController.swift */,
				76BFE32D288BE11B000100D8 /* HRCustomeCellTableViewCell.swift */,
				76BFE32E288BE11B000100D8 /* CheckBoxtableViewCellTableViewCell.xib */,
				76BFE32F288BE11B000100D8 /* PickerPresentator.swift */,
				76BFE330288BE11B000100D8 /* CheckBoxtableViewCellTableViewCell.swift */,
				76BFE331288BE11B000100D8 /* HRCustomeCellTableViewCell.xib */,
				76BFE332288BE11B000100D8 /* MandatoryFormViewController.swift */,
			);
			path = "Hospital Registration";
			sourceTree = "<group>";
		};
		AED85C71607DD12C969A5897 /* Pods */ = {
			isa = PBXGroup;
			children = (
				4239FAE87A58326F5F72C604 /* Pods-ICareOnline.debug.xcconfig */,
				D2398A7DE7D4516C1296B7FF /* Pods-ICareOnline.release.xcconfig */,
				1C5B7A9825C41DF2623B390A /* Pods-ICareOnline-ICareOnlineUITests.debug.xcconfig */,
				B4D209608BDDBADAECF35DDA /* Pods-ICareOnline-ICareOnlineUITests.release.xcconfig */,
				0445E9DB1A22B8410F4DCABD /* Pods-ICareOnlineTests.debug.xcconfig */,
				B8A76B85B9E4A83D0D0AD643 /* Pods-ICareOnlineTests.release.xcconfig */,
			);
			path = Pods;
			sourceTree = "<group>";
		};
/* End PBXGroup section */

/* Begin PBXNativeTarget section */
		468E2F92286F4F7B00AF6F02 /* ICareOnline */ = {
			isa = PBXNativeTarget;
			buildConfigurationList = 468E2FBD286F4F7C00AF6F02 /* Build configuration list for PBXNativeTarget "ICareOnline" */;
			buildPhases = (
				51286205A9EFB0E82AA76B5F /* [CP] Check Pods Manifest.lock */,
				468E2F8F286F4F7B00AF6F02 /* Sources */,
				468E2F90286F4F7B00AF6F02 /* Frameworks */,
				468E2F91286F4F7B00AF6F02 /* Resources */,
			);
			buildRules = (
			);
			dependencies = (
			);
			name = ICareOnline;
			productName = ICareOnline;
			productReference = 468E2F93286F4F7B00AF6F02 /* ICareOnline.app */;
			productType = "com.apple.product-type.application";
		};
		468E2FA8286F4F7C00AF6F02 /* ICareOnlineTests */ = {
			isa = PBXNativeTarget;
			buildConfigurationList = 468E2FC0286F4F7C00AF6F02 /* Build configuration list for PBXNativeTarget "ICareOnlineTests" */;
			buildPhases = (
				096650FDB338AE65FE521C6B /* [CP] Check Pods Manifest.lock */,
				468E2FA5286F4F7C00AF6F02 /* Sources */,
				468E2FA6286F4F7C00AF6F02 /* Frameworks */,
				468E2FA7286F4F7C00AF6F02 /* Resources */,
				20F78B229BD732CA1885D0B1 /* [CP] Embed Pods Frameworks */,
			);
			buildRules = (
			);
			dependencies = (
				468E2FAB286F4F7C00AF6F02 /* PBXTargetDependency */,
			);
			name = ICareOnlineTests;
			productName = ICareOnlineTests;
			productReference = 468E2FA9286F4F7C00AF6F02 /* ICareOnlineTests.xctest */;
			productType = "com.apple.product-type.bundle.unit-test";
		};
		468E2FB2286F4F7C00AF6F02 /* ICareOnlineUITests */ = {
			isa = PBXNativeTarget;
			buildConfigurationList = 468E2FC3286F4F7C00AF6F02 /* Build configuration list for PBXNativeTarget "ICareOnlineUITests" */;
			buildPhases = (
				1582E4A170E084BFFD591EAC /* [CP] Check Pods Manifest.lock */,
				468E2FAF286F4F7C00AF6F02 /* Sources */,
				468E2FB0286F4F7C00AF6F02 /* Frameworks */,
				468E2FB1286F4F7C00AF6F02 /* Resources */,
			);
			buildRules = (
			);
			dependencies = (
				468E2FB5286F4F7C00AF6F02 /* PBXTargetDependency */,
			);
			name = ICareOnlineUITests;
			productName = ICareOnlineUITests;
			productReference = 468E2FB3286F4F7C00AF6F02 /* ICareOnlineUITests.xctest */;
			productType = "com.apple.product-type.bundle.ui-testing";
		};
/* End PBXNativeTarget section */

/* Begin PBXProject section */
		468E2F8B286F4F7B00AF6F02 /* Project object */ = {
			isa = PBXProject;
			attributes = {
				BuildIndependentTargetsInParallel = 1;
				LastSwiftUpdateCheck = 1330;
				LastUpgradeCheck = 1330;
				TargetAttributes = {
					468E2F92286F4F7B00AF6F02 = {
						CreatedOnToolsVersion = 13.3;
					};
					468E2FA8286F4F7C00AF6F02 = {
						CreatedOnToolsVersion = 13.3;
						TestTargetID = 468E2F92286F4F7B00AF6F02;
					};
					468E2FB2286F4F7C00AF6F02 = {
						CreatedOnToolsVersion = 13.3;
						TestTargetID = 468E2F92286F4F7B00AF6F02;
					};
				};
			};
			buildConfigurationList = 468E2F8E286F4F7B00AF6F02 /* Build configuration list for PBXProject "ICareOnline" */;
			compatibilityVersion = "Xcode 13.0";
			developmentRegion = en;
			hasScannedForEncodings = 0;
			knownRegions = (
				en,
				Base,
			);
			mainGroup = 468E2F8A286F4F7B00AF6F02;
			productRefGroup = 468E2F94286F4F7B00AF6F02 /* Products */;
			projectDirPath = "";
			projectRoot = "";
			targets = (
				468E2F92286F4F7B00AF6F02 /* ICareOnline */,
				468E2FA8286F4F7C00AF6F02 /* ICareOnlineTests */,
				468E2FB2286F4F7C00AF6F02 /* ICareOnlineUITests */,
			);
		};
/* End PBXProject section */

/* Begin PBXResourcesBuildPhase section */
		468E2F91286F4F7B00AF6F02 /* Resources */ = {
			isa = PBXResourcesBuildPhase;
			buildActionMask = 2147483647;
			files = (
				430832872887C46C00815BF3 /* Medicine.storyboard in Resources */,
				76BFE327288BDF47000100D8 /* HospitalRegistration.storyboard in Resources */,
				46B12797288F39ED0041D278 /* DetailScreen.storyboard in Resources */,
				468E2FA3286F4F7C00AF6F02 /* LaunchScreen.storyboard in Resources */,
				468E2FA0286F4F7C00AF6F02 /* Assets.xcassets in Resources */,
				76BFE338288BE11B000100D8 /* HRCustomeCellTableViewCell.xib in Resources */,
				4697403C2885E91600D29E62 /* TabScreens.storyboard in Resources */,
				76BFE335288BE11B000100D8 /* CheckBoxtableViewCellTableViewCell.xib in Resources */,
				468E2F9E286F4F7B00AF6F02 /* Main.storyboard in Resources */,
			);
			runOnlyForDeploymentPostprocessing = 0;
		};
		468E2FA7286F4F7C00AF6F02 /* Resources */ = {
			isa = PBXResourcesBuildPhase;
			buildActionMask = 2147483647;
			files = (
			);
			runOnlyForDeploymentPostprocessing = 0;
		};
		468E2FB1286F4F7C00AF6F02 /* Resources */ = {
			isa = PBXResourcesBuildPhase;
			buildActionMask = 2147483647;
			files = (
			);
			runOnlyForDeploymentPostprocessing = 0;
		};
/* End PBXResourcesBuildPhase section */

/* Begin PBXShellScriptBuildPhase section */
		096650FDB338AE65FE521C6B /* [CP] Check Pods Manifest.lock */ = {
			isa = PBXShellScriptBuildPhase;
			buildActionMask = 2147483647;
			files = (
			);
			inputFileListPaths = (
			);
			inputPaths = (
				"${PODS_PODFILE_DIR_PATH}/Podfile.lock",
				"${PODS_ROOT}/Manifest.lock",
			);
			name = "[CP] Check Pods Manifest.lock";
			outputFileListPaths = (
			);
			outputPaths = (
				"$(DERIVED_FILE_DIR)/Pods-ICareOnlineTests-checkManifestLockResult.txt",
			);
			runOnlyForDeploymentPostprocessing = 0;
			shellPath = /bin/sh;
			shellScript = "diff \"${PODS_PODFILE_DIR_PATH}/Podfile.lock\" \"${PODS_ROOT}/Manifest.lock\" > /dev/null\nif [ $? != 0 ] ; then\n    # print error to STDERR\n    echo \"error: The sandbox is not in sync with the Podfile.lock. Run 'pod install' or update your CocoaPods installation.\" >&2\n    exit 1\nfi\n# This output is used by Xcode 'outputs' to avoid re-running this script phase.\necho \"SUCCESS\" > \"${SCRIPT_OUTPUT_FILE_0}\"\n";
			showEnvVarsInLog = 0;
		};
		1582E4A170E084BFFD591EAC /* [CP] Check Pods Manifest.lock */ = {
			isa = PBXShellScriptBuildPhase;
			buildActionMask = 2147483647;
			files = (
			);
			inputFileListPaths = (
			);
			inputPaths = (
				"${PODS_PODFILE_DIR_PATH}/Podfile.lock",
				"${PODS_ROOT}/Manifest.lock",
			);
			name = "[CP] Check Pods Manifest.lock";
			outputFileListPaths = (
			);
			outputPaths = (
				"$(DERIVED_FILE_DIR)/Pods-ICareOnline-ICareOnlineUITests-checkManifestLockResult.txt",
			);
			runOnlyForDeploymentPostprocessing = 0;
			shellPath = /bin/sh;
			shellScript = "diff \"${PODS_PODFILE_DIR_PATH}/Podfile.lock\" \"${PODS_ROOT}/Manifest.lock\" > /dev/null\nif [ $? != 0 ] ; then\n    # print error to STDERR\n    echo \"error: The sandbox is not in sync with the Podfile.lock. Run 'pod install' or update your CocoaPods installation.\" >&2\n    exit 1\nfi\n# This output is used by Xcode 'outputs' to avoid re-running this script phase.\necho \"SUCCESS\" > \"${SCRIPT_OUTPUT_FILE_0}\"\n";
			showEnvVarsInLog = 0;
		};
		20F78B229BD732CA1885D0B1 /* [CP] Embed Pods Frameworks */ = {
			isa = PBXShellScriptBuildPhase;
			buildActionMask = 2147483647;
			files = (
			);
			inputFileListPaths = (
				"${PODS_ROOT}/Target Support Files/Pods-ICareOnlineTests/Pods-ICareOnlineTests-frameworks-${CONFIGURATION}-input-files.xcfilelist",
			);
			name = "[CP] Embed Pods Frameworks";
			outputFileListPaths = (
				"${PODS_ROOT}/Target Support Files/Pods-ICareOnlineTests/Pods-ICareOnlineTests-frameworks-${CONFIGURATION}-output-files.xcfilelist",
			);
			runOnlyForDeploymentPostprocessing = 0;
			shellPath = /bin/sh;
			shellScript = "\"${PODS_ROOT}/Target Support Files/Pods-ICareOnlineTests/Pods-ICareOnlineTests-frameworks.sh\"\n";
			showEnvVarsInLog = 0;
		};
		51286205A9EFB0E82AA76B5F /* [CP] Check Pods Manifest.lock */ = {
			isa = PBXShellScriptBuildPhase;
			buildActionMask = 2147483647;
			files = (
			);
			inputFileListPaths = (
			);
			inputPaths = (
				"${PODS_PODFILE_DIR_PATH}/Podfile.lock",
				"${PODS_ROOT}/Manifest.lock",
			);
			name = "[CP] Check Pods Manifest.lock";
			outputFileListPaths = (
			);
			outputPaths = (
				"$(DERIVED_FILE_DIR)/Pods-ICareOnline-checkManifestLockResult.txt",
			);
			runOnlyForDeploymentPostprocessing = 0;
			shellPath = /bin/sh;
			shellScript = "diff \"${PODS_PODFILE_DIR_PATH}/Podfile.lock\" \"${PODS_ROOT}/Manifest.lock\" > /dev/null\nif [ $? != 0 ] ; then\n    # print error to STDERR\n    echo \"error: The sandbox is not in sync with the Podfile.lock. Run 'pod install' or update your CocoaPods installation.\" >&2\n    exit 1\nfi\n# This output is used by Xcode 'outputs' to avoid re-running this script phase.\necho \"SUCCESS\" > \"${SCRIPT_OUTPUT_FILE_0}\"\n";
			showEnvVarsInLog = 0;
		};
/* End PBXShellScriptBuildPhase section */

/* Begin PBXSourcesBuildPhase section */
		468E2F8F286F4F7B00AF6F02 /* Sources */ = {
			isa = PBXSourcesBuildPhase;
			buildActionMask = 2147483647;
			files = (
				76BFE339288BE11B000100D8 /* MandatoryFormViewController.swift in Sources */,
				46B12790288C56C70041D278 /* ICOHospitalsListCell.swift in Sources */,
				467A00DA288AFA21007FA4AD /* ICODoctorsListCell.swift in Sources */,
				469740332885A86E00D29E62 /* ICOTabController.swift in Sources */,
				76BFE337288BE11B000100D8 /* CheckBoxtableViewCellTableViewCell.swift in Sources */,
				4697404C28860C5400D29E62 /* ICOProfileViewController.swift in Sources */,
				469740392885A97700D29E62 /* BubbleTabBarController.swift in Sources */,
				46B12795288F39A10041D278 /* ICODetailViewController.swift in Sources */,
				46921CDF2877B46A003FF63B /* Constants.swift in Sources */,
				46921CDA2877B251003FF63B /* ICOLoginViewController.swift in Sources */,
				4697403A2885A97700D29E62 /* CBTabBarButton.swift in Sources */,
				4697403E2885EAB900D29E62 /* ICOAppStoryboards.swift in Sources */,
				46B12792288EADC30041D278 /* ICOSearchCategoryCell.swift in Sources */,
				46921CDC2877B288003FF63B /* ICOLaunchViewController.swift in Sources */,
				460AAA26288880D900C8B562 /* Extension+UIViewController.swift in Sources */,
				4697403028859BA300D29E62 /* ICOHomeViewController.swift in Sources */,
				438222FB288A734C009B7523 /* ICOLabReportViewController.swift in Sources */,
				43CA04DF28899FAD000EE605 /* ICOMedicineViewController.swift in Sources */,
				43DA277228887BC400CA8BB9 /* ICOPrescriptionViewController.swift in Sources */,
				467A00D6288ADC56007FA4AD /* Extension+UIImage.swift in Sources */,
				4697404F28860C7100D29E62 /* ICONotificationViewController.swift in Sources */,
				4697405228860C8F00D29E62 /* ICOMenuViewController.swift in Sources */,
				469740382885A97700D29E62 /* BubbleTabBar.swift in Sources */,
				76BFE334288BE11B000100D8 /* HRCustomeCellTableViewCell.swift in Sources */,
				467A00D8288ADF85007FA4AD /* ICOOfferCell.swift in Sources */,
				468E2F97286F4F7B00AF6F02 /* AppDelegate.swift in Sources */,
				76BFE333288BE11B000100D8 /* HospitalRegistrationTableViewController.swift in Sources */,
				468E2F99286F4F7B00AF6F02 /* SceneDelegate.swift in Sources */,
				76BFE336288BE11B000100D8 /* PickerPresentator.swift in Sources */,
			);
			runOnlyForDeploymentPostprocessing = 0;
		};
		468E2FA5286F4F7C00AF6F02 /* Sources */ = {
			isa = PBXSourcesBuildPhase;
			buildActionMask = 2147483647;
			files = (
				468E2FAE286F4F7C00AF6F02 /* ICareOnlineTests.swift in Sources */,
			);
			runOnlyForDeploymentPostprocessing = 0;
		};
		468E2FAF286F4F7C00AF6F02 /* Sources */ = {
			isa = PBXSourcesBuildPhase;
			buildActionMask = 2147483647;
			files = (
				468E2FBA286F4F7C00AF6F02 /* ICareOnlineUITestsLaunchTests.swift in Sources */,
				468E2FB8286F4F7C00AF6F02 /* ICareOnlineUITests.swift in Sources */,
			);
			runOnlyForDeploymentPostprocessing = 0;
		};
/* End PBXSourcesBuildPhase section */

/* Begin PBXTargetDependency section */
		468E2FAB286F4F7C00AF6F02 /* PBXTargetDependency */ = {
			isa = PBXTargetDependency;
			target = 468E2F92286F4F7B00AF6F02 /* ICareOnline */;
			targetProxy = 468E2FAA286F4F7C00AF6F02 /* PBXContainerItemProxy */;
		};
		468E2FB5286F4F7C00AF6F02 /* PBXTargetDependency */ = {
			isa = PBXTargetDependency;
			target = 468E2F92286F4F7B00AF6F02 /* ICareOnline */;
			targetProxy = 468E2FB4286F4F7C00AF6F02 /* PBXContainerItemProxy */;
		};
/* End PBXTargetDependency section */

/* Begin PBXVariantGroup section */
		468E2F9C286F4F7B00AF6F02 /* Main.storyboard */ = {
			isa = PBXVariantGroup;
			children = (
				468E2F9D286F4F7B00AF6F02 /* Base */,
			);
			name = Main.storyboard;
			sourceTree = "<group>";
		};
		468E2FA1286F4F7C00AF6F02 /* LaunchScreen.storyboard */ = {
			isa = PBXVariantGroup;
			children = (
				468E2FA2286F4F7C00AF6F02 /* Base */,
			);
			name = LaunchScreen.storyboard;
			sourceTree = "<group>";
		};
/* End PBXVariantGroup section */

/* Begin XCBuildConfiguration section */
		468E2FBB286F4F7C00AF6F02 /* Debug */ = {
			isa = XCBuildConfiguration;
			buildSettings = {
				ALWAYS_SEARCH_USER_PATHS = NO;
				CLANG_ANALYZER_NONNULL = YES;
				CLANG_ANALYZER_NUMBER_OBJECT_CONVERSION = YES_AGGRESSIVE;
				CLANG_CXX_LANGUAGE_STANDARD = "gnu++17";
				CLANG_ENABLE_MODULES = YES;
				CLANG_ENABLE_OBJC_ARC = YES;
				CLANG_ENABLE_OBJC_WEAK = YES;
				CLANG_WARN_BLOCK_CAPTURE_AUTORELEASING = YES;
				CLANG_WARN_BOOL_CONVERSION = YES;
				CLANG_WARN_COMMA = YES;
				CLANG_WARN_CONSTANT_CONVERSION = YES;
				CLANG_WARN_DEPRECATED_OBJC_IMPLEMENTATIONS = YES;
				CLANG_WARN_DIRECT_OBJC_ISA_USAGE = YES_ERROR;
				CLANG_WARN_DOCUMENTATION_COMMENTS = YES;
				CLANG_WARN_EMPTY_BODY = YES;
				CLANG_WARN_ENUM_CONVERSION = YES;
				CLANG_WARN_INFINITE_RECURSION = YES;
				CLANG_WARN_INT_CONVERSION = YES;
				CLANG_WARN_NON_LITERAL_NULL_CONVERSION = YES;
				CLANG_WARN_OBJC_IMPLICIT_RETAIN_SELF = YES;
				CLANG_WARN_OBJC_LITERAL_CONVERSION = YES;
				CLANG_WARN_OBJC_ROOT_CLASS = YES_ERROR;
				CLANG_WARN_QUOTED_INCLUDE_IN_FRAMEWORK_HEADER = YES;
				CLANG_WARN_RANGE_LOOP_ANALYSIS = YES;
				CLANG_WARN_STRICT_PROTOTYPES = YES;
				CLANG_WARN_SUSPICIOUS_MOVE = YES;
				CLANG_WARN_UNGUARDED_AVAILABILITY = YES_AGGRESSIVE;
				CLANG_WARN_UNREACHABLE_CODE = YES;
				CLANG_WARN__DUPLICATE_METHOD_MATCH = YES;
				COPY_PHASE_STRIP = NO;
				DEBUG_INFORMATION_FORMAT = dwarf;
				ENABLE_STRICT_OBJC_MSGSEND = YES;
				ENABLE_TESTABILITY = YES;
				GCC_C_LANGUAGE_STANDARD = gnu11;
				GCC_DYNAMIC_NO_PIC = NO;
				GCC_NO_COMMON_BLOCKS = YES;
				GCC_OPTIMIZATION_LEVEL = 0;
				GCC_PREPROCESSOR_DEFINITIONS = (
					"DEBUG=1",
					"$(inherited)",
				);
				GCC_WARN_64_TO_32_BIT_CONVERSION = YES;
				GCC_WARN_ABOUT_RETURN_TYPE = YES_ERROR;
				GCC_WARN_UNDECLARED_SELECTOR = YES;
				GCC_WARN_UNINITIALIZED_AUTOS = YES_AGGRESSIVE;
				GCC_WARN_UNUSED_FUNCTION = YES;
				GCC_WARN_UNUSED_VARIABLE = YES;
				IPHONEOS_DEPLOYMENT_TARGET = 15.0;
				MTL_ENABLE_DEBUG_INFO = INCLUDE_SOURCE;
				MTL_FAST_MATH = YES;
				ONLY_ACTIVE_ARCH = YES;
				SDKROOT = iphoneos;
				SWIFT_ACTIVE_COMPILATION_CONDITIONS = DEBUG;
				SWIFT_OPTIMIZATION_LEVEL = "-Onone";
			};
			name = Debug;
		};
		468E2FBC286F4F7C00AF6F02 /* Release */ = {
			isa = XCBuildConfiguration;
			buildSettings = {
				ALWAYS_SEARCH_USER_PATHS = NO;
				CLANG_ANALYZER_NONNULL = YES;
				CLANG_ANALYZER_NUMBER_OBJECT_CONVERSION = YES_AGGRESSIVE;
				CLANG_CXX_LANGUAGE_STANDARD = "gnu++17";
				CLANG_ENABLE_MODULES = YES;
				CLANG_ENABLE_OBJC_ARC = YES;
				CLANG_ENABLE_OBJC_WEAK = YES;
				CLANG_WARN_BLOCK_CAPTURE_AUTORELEASING = YES;
				CLANG_WARN_BOOL_CONVERSION = YES;
				CLANG_WARN_COMMA = YES;
				CLANG_WARN_CONSTANT_CONVERSION = YES;
				CLANG_WARN_DEPRECATED_OBJC_IMPLEMENTATIONS = YES;
				CLANG_WARN_DIRECT_OBJC_ISA_USAGE = YES_ERROR;
				CLANG_WARN_DOCUMENTATION_COMMENTS = YES;
				CLANG_WARN_EMPTY_BODY = YES;
				CLANG_WARN_ENUM_CONVERSION = YES;
				CLANG_WARN_INFINITE_RECURSION = YES;
				CLANG_WARN_INT_CONVERSION = YES;
				CLANG_WARN_NON_LITERAL_NULL_CONVERSION = YES;
				CLANG_WARN_OBJC_IMPLICIT_RETAIN_SELF = YES;
				CLANG_WARN_OBJC_LITERAL_CONVERSION = YES;
				CLANG_WARN_OBJC_ROOT_CLASS = YES_ERROR;
				CLANG_WARN_QUOTED_INCLUDE_IN_FRAMEWORK_HEADER = YES;
				CLANG_WARN_RANGE_LOOP_ANALYSIS = YES;
				CLANG_WARN_STRICT_PROTOTYPES = YES;
				CLANG_WARN_SUSPICIOUS_MOVE = YES;
				CLANG_WARN_UNGUARDED_AVAILABILITY = YES_AGGRESSIVE;
				CLANG_WARN_UNREACHABLE_CODE = YES;
				CLANG_WARN__DUPLICATE_METHOD_MATCH = YES;
				COPY_PHASE_STRIP = NO;
				DEBUG_INFORMATION_FORMAT = "dwarf-with-dsym";
				ENABLE_NS_ASSERTIONS = NO;
				ENABLE_STRICT_OBJC_MSGSEND = YES;
				GCC_C_LANGUAGE_STANDARD = gnu11;
				GCC_NO_COMMON_BLOCKS = YES;
				GCC_WARN_64_TO_32_BIT_CONVERSION = YES;
				GCC_WARN_ABOUT_RETURN_TYPE = YES_ERROR;
				GCC_WARN_UNDECLARED_SELECTOR = YES;
				GCC_WARN_UNINITIALIZED_AUTOS = YES_AGGRESSIVE;
				GCC_WARN_UNUSED_FUNCTION = YES;
				GCC_WARN_UNUSED_VARIABLE = YES;
				IPHONEOS_DEPLOYMENT_TARGET = 15.0;
				MTL_ENABLE_DEBUG_INFO = NO;
				MTL_FAST_MATH = YES;
				SDKROOT = iphoneos;
				SWIFT_COMPILATION_MODE = wholemodule;
				SWIFT_OPTIMIZATION_LEVEL = "-O";
				VALIDATE_PRODUCT = YES;
			};
			name = Release;
		};
		468E2FBE286F4F7C00AF6F02 /* Debug */ = {
			isa = XCBuildConfiguration;
			baseConfigurationReference = 4239FAE87A58326F5F72C604 /* Pods-ICareOnline.debug.xcconfig */;
			buildSettings = {
				ASSETCATALOG_COMPILER_APPICON_NAME = AppIcon;
				ASSETCATALOG_COMPILER_GLOBAL_ACCENT_COLOR_NAME = AccentColor;
				CODE_SIGN_STYLE = Manual;
				CURRENT_PROJECT_VERSION = 1;
				DEVELOPMENT_TEAM = "";
				GENERATE_INFOPLIST_FILE = YES;
				INFOPLIST_FILE = ICareOnline/Info.plist;
				INFOPLIST_KEY_UIApplicationSupportsIndirectInputEvents = YES;
				INFOPLIST_KEY_UILaunchStoryboardName = Main;
				INFOPLIST_KEY_UIMainStoryboardFile = Main;
				INFOPLIST_KEY_UISupportedInterfaceOrientations_iPad = "UIInterfaceOrientationPortrait UIInterfaceOrientationPortraitUpsideDown UIInterfaceOrientationLandscapeLeft UIInterfaceOrientationLandscapeRight";
				INFOPLIST_KEY_UISupportedInterfaceOrientations_iPhone = "UIInterfaceOrientationPortrait UIInterfaceOrientationLandscapeLeft UIInterfaceOrientationLandscapeRight";
				IPHONEOS_DEPLOYMENT_TARGET = 15.0;
				LD_RUNPATH_SEARCH_PATHS = (
					"$(inherited)",
					"@executable_path/Frameworks",
				);
				MARKETING_VERSION = 1.0;
				ONLY_ACTIVE_ARCH = NO;
				PRODUCT_BUNDLE_IDENTIFIER = com.cognizant.ICareOnline;
				PRODUCT_NAME = "$(TARGET_NAME)";
				PROVISIONING_PROFILE_SPECIFIER = "";
				SWIFT_EMIT_LOC_STRINGS = YES;
				SWIFT_VERSION = 5.0;
				TARGETED_DEVICE_FAMILY = "1,2";
			};
			name = Debug;
		};
		468E2FBF286F4F7C00AF6F02 /* Release */ = {
			isa = XCBuildConfiguration;
			baseConfigurationReference = D2398A7DE7D4516C1296B7FF /* Pods-ICareOnline.release.xcconfig */;
			buildSettings = {
				ASSETCATALOG_COMPILER_APPICON_NAME = AppIcon;
				ASSETCATALOG_COMPILER_GLOBAL_ACCENT_COLOR_NAME = AccentColor;
				CODE_SIGN_STYLE = Manual;
				CURRENT_PROJECT_VERSION = 1;
				DEVELOPMENT_TEAM = "";
				GENERATE_INFOPLIST_FILE = YES;
				INFOPLIST_FILE = ICareOnline/Info.plist;
				INFOPLIST_KEY_UIApplicationSupportsIndirectInputEvents = YES;
				INFOPLIST_KEY_UILaunchStoryboardName = Main;
				INFOPLIST_KEY_UIMainStoryboardFile = Main;
				INFOPLIST_KEY_UISupportedInterfaceOrientations_iPad = "UIInterfaceOrientationPortrait UIInterfaceOrientationPortraitUpsideDown UIInterfaceOrientationLandscapeLeft UIInterfaceOrientationLandscapeRight";
				INFOPLIST_KEY_UISupportedInterfaceOrientations_iPhone = "UIInterfaceOrientationPortrait UIInterfaceOrientationLandscapeLeft UIInterfaceOrientationLandscapeRight";
				IPHONEOS_DEPLOYMENT_TARGET = 15.0;
				LD_RUNPATH_SEARCH_PATHS = (
					"$(inherited)",
					"@executable_path/Frameworks",
				);
				MARKETING_VERSION = 1.0;
				ONLY_ACTIVE_ARCH = NO;
				PRODUCT_BUNDLE_IDENTIFIER = com.cognizant.ICareOnline;
				PRODUCT_NAME = "$(TARGET_NAME)";
				PROVISIONING_PROFILE_SPECIFIER = "";
				SWIFT_EMIT_LOC_STRINGS = YES;
				SWIFT_VERSION = 5.0;
				TARGETED_DEVICE_FAMILY = "1,2";
			};
			name = Release;
		};
		468E2FC1286F4F7C00AF6F02 /* Debug */ = {
			isa = XCBuildConfiguration;
			baseConfigurationReference = 0445E9DB1A22B8410F4DCABD /* Pods-ICareOnlineTests.debug.xcconfig */;
			buildSettings = {
				ALWAYS_EMBED_SWIFT_STANDARD_LIBRARIES = YES;
				BUNDLE_LOADER = "$(TEST_HOST)";
				CODE_SIGN_STYLE = Automatic;
				CURRENT_PROJECT_VERSION = 1;
				DEVELOPMENT_TEAM = D9HVSB8L9B;
				GENERATE_INFOPLIST_FILE = YES;
				IPHONEOS_DEPLOYMENT_TARGET = 15.4;
				MARKETING_VERSION = 1.0;
				PRODUCT_BUNDLE_IDENTIFIER = com.cognizant.ICareOnlineTests;
				PRODUCT_NAME = "$(TARGET_NAME)";
				SWIFT_EMIT_LOC_STRINGS = NO;
				SWIFT_VERSION = 5.0;
				TARGETED_DEVICE_FAMILY = "1,2";
				TEST_HOST = "$(BUILT_PRODUCTS_DIR)/ICareOnline.app/ICareOnline";
			};
			name = Debug;
		};
		468E2FC2286F4F7C00AF6F02 /* Release */ = {
			isa = XCBuildConfiguration;
			baseConfigurationReference = B8A76B85B9E4A83D0D0AD643 /* Pods-ICareOnlineTests.release.xcconfig */;
			buildSettings = {
				ALWAYS_EMBED_SWIFT_STANDARD_LIBRARIES = YES;
				BUNDLE_LOADER = "$(TEST_HOST)";
				CODE_SIGN_STYLE = Automatic;
				CURRENT_PROJECT_VERSION = 1;
				DEVELOPMENT_TEAM = D9HVSB8L9B;
				GENERATE_INFOPLIST_FILE = YES;
				IPHONEOS_DEPLOYMENT_TARGET = 15.4;
				MARKETING_VERSION = 1.0;
				PRODUCT_BUNDLE_IDENTIFIER = com.cognizant.ICareOnlineTests;
				PRODUCT_NAME = "$(TARGET_NAME)";
				SWIFT_EMIT_LOC_STRINGS = NO;
				SWIFT_VERSION = 5.0;
				TARGETED_DEVICE_FAMILY = "1,2";
				TEST_HOST = "$(BUILT_PRODUCTS_DIR)/ICareOnline.app/ICareOnline";
			};
			name = Release;
		};
		468E2FC4286F4F7C00AF6F02 /* Debug */ = {
			isa = XCBuildConfiguration;
			baseConfigurationReference = 1C5B7A9825C41DF2623B390A /* Pods-ICareOnline-ICareOnlineUITests.debug.xcconfig */;
			buildSettings = {
				ALWAYS_EMBED_SWIFT_STANDARD_LIBRARIES = YES;
				CODE_SIGN_STYLE = Automatic;
				CURRENT_PROJECT_VERSION = 1;
				DEVELOPMENT_TEAM = D9HVSB8L9B;
				GENERATE_INFOPLIST_FILE = YES;
				MARKETING_VERSION = 1.0;
				PRODUCT_BUNDLE_IDENTIFIER = com.cognizant.ICareOnlineUITests;
				PRODUCT_NAME = "$(TARGET_NAME)";
				SWIFT_EMIT_LOC_STRINGS = NO;
				SWIFT_VERSION = 5.0;
				TARGETED_DEVICE_FAMILY = "1,2";
				TEST_TARGET_NAME = ICareOnline;
			};
			name = Debug;
		};
		468E2FC5286F4F7C00AF6F02 /* Release */ = {
			isa = XCBuildConfiguration;
			baseConfigurationReference = B4D209608BDDBADAECF35DDA /* Pods-ICareOnline-ICareOnlineUITests.release.xcconfig */;
			buildSettings = {
				ALWAYS_EMBED_SWIFT_STANDARD_LIBRARIES = YES;
				CODE_SIGN_STYLE = Automatic;
				CURRENT_PROJECT_VERSION = 1;
				DEVELOPMENT_TEAM = D9HVSB8L9B;
				GENERATE_INFOPLIST_FILE = YES;
				MARKETING_VERSION = 1.0;
				PRODUCT_BUNDLE_IDENTIFIER = com.cognizant.ICareOnlineUITests;
				PRODUCT_NAME = "$(TARGET_NAME)";
				SWIFT_EMIT_LOC_STRINGS = NO;
				SWIFT_VERSION = 5.0;
				TARGETED_DEVICE_FAMILY = "1,2";
				TEST_TARGET_NAME = ICareOnline;
			};
			name = Release;
		};
/* End XCBuildConfiguration section */

/* Begin XCConfigurationList section */
		468E2F8E286F4F7B00AF6F02 /* Build configuration list for PBXProject "ICareOnline" */ = {
			isa = XCConfigurationList;
			buildConfigurations = (
				468E2FBB286F4F7C00AF6F02 /* Debug */,
				468E2FBC286F4F7C00AF6F02 /* Release */,
			);
			defaultConfigurationIsVisible = 0;
			defaultConfigurationName = Release;
		};
		468E2FBD286F4F7C00AF6F02 /* Build configuration list for PBXNativeTarget "ICareOnline" */ = {
			isa = XCConfigurationList;
			buildConfigurations = (
				468E2FBE286F4F7C00AF6F02 /* Debug */,
				468E2FBF286F4F7C00AF6F02 /* Release */,
			);
			defaultConfigurationIsVisible = 0;
			defaultConfigurationName = Release;
		};
		468E2FC0286F4F7C00AF6F02 /* Build configuration list for PBXNativeTarget "ICareOnlineTests" */ = {
			isa = XCConfigurationList;
			buildConfigurations = (
				468E2FC1286F4F7C00AF6F02 /* Debug */,
				468E2FC2286F4F7C00AF6F02 /* Release */,
			);
			defaultConfigurationIsVisible = 0;
			defaultConfigurationName = Release;
		};
		468E2FC3286F4F7C00AF6F02 /* Build configuration list for PBXNativeTarget "ICareOnlineUITests" */ = {
			isa = XCConfigurationList;
			buildConfigurations = (
				468E2FC4286F4F7C00AF6F02 /* Debug */,
				468E2FC5286F4F7C00AF6F02 /* Release */,
			);
			defaultConfigurationIsVisible = 0;
			defaultConfigurationName = Release;
		};
/* End XCConfigurationList section */
	};
	rootObject = 468E2F8B286F4F7B00AF6F02 /* Project object */;
}
